PODS:
  - Alamofire (5.9.1)
  - AppAuth (1.7.5):
    - AppAuth/Core (= 1.7.5)
    - AppAuth/ExternalUserAgent (= 1.7.5)
  - AppAuth/Core (1.7.5)
  - AppAuth/ExternalUserAgent (1.7.5):
    - AppAuth/Core
  - Capacitor (6.1.2):
    - CapacitorCordova
  - CapacitorApp (6.0.0):
    - Capacitor
  - CapacitorCordova (6.1.2)
  - CapacitorFilesystem (6.0.1):
    - Capacitor
  - CapacitorHaptics (6.0.0):
    - Capacitor
  - CapacitorKeyboard (6.0.0):
    - Capacitor
  - CapacitorStatusBar (6.0.0):
    - Capacitor
  - CapgoCameraPreview (2.0.0):
    - Capacitor
  - CapgoCapacitorDataStorageSqlite (6.0.9):
    - Capacitor
    - SQLite.swift/SQLCipher
  - CapgoCapacitorScreenRecorder (8.1.58):
    - Capacitor
  - CapgoCapacitorShake (6.0.46):
    - Capacitor
  - CapgoCapacitorSocialLogin (0.0.7):
    - Alamofire
    - Capacitor
    - FBSDKCoreKit (= 17.0.0)
    - FBSDKLoginKit (= 17.0.0)
    - GoogleSignIn (~> 6.2.4)
  - CapgoCapacitorUpdater (6.1.32):
    - Alamofire
    - Capacitor
    - SSZipArchive
    - SwiftyRSA
    - Version
  - CapgoCapacitorUploader (0.0.11):
    - Capacitor
  - CapgoInappbrowser (6.6.8):
    - Capacitor
  - CapgoNativePurchases (0.0.66):
    - Capacitor
  - FBAEMKit (17.0.0):
    - FBSDKCoreKit_Basics (= 17.0.0)
  - FBSDKCoreKit (17.0.0):
    - FBAEMKit (= 17.0.0)
    - FBSDKCoreKit_Basics (= 17.0.0)
  - FBSDKCoreKit_Basics (17.0.0)
  - FBSDKLoginKit (17.0.0):
    - FBSDKCoreKit (= 17.0.0)
  - GoogleSignIn (6.2.4):
    - AppAuth (~> 1.5)
    - GTMAppAuth (~> 1.3)
    - GTMSessionFetcher/Core (< 3.0, >= 1.1)
  - GTMAppAuth (1.3.1):
    - AppAuth/Core (~> 1.6)
    - GTMSessionFetcher/Core (< 3.0, >= 1.5)
  - GTMSessionFetcher/Core (2.3.0)
  - SQLCipher (4.6.1):
    - SQLCipher/standard (= 4.6.1)
  - SQLCipher/common (4.6.1)
  - SQLCipher/standard (4.6.1):
    - SQLCipher/common
  - SQLite.swift/SQLCipher (0.15.3):
    - SQLCipher (>= 4.0.0)
  - SSZipArchive (2.4.3)
  - SwiftyRSA (1.7.0):
    - SwiftyRSA/ObjC (= 1.7.0)
  - SwiftyRSA/ObjC (1.7.0)
  - Version (0.8.0)

DEPENDENCIES:
  - "Capacitor (from `../../node_modules/@capacitor/ios`)"
  - "CapacitorApp (from `../../node_modules/@capacitor/app`)"
  - "CapacitorCordova (from `../../node_modules/@capacitor/ios`)"
  - "CapacitorFilesystem (from `../../node_modules/@capacitor/filesystem`)"
  - "CapacitorHaptics (from `../../node_modules/@capacitor/haptics`)"
  - "CapacitorKeyboard (from `../../node_modules/@capacitor/keyboard`)"
  - "CapacitorStatusBar (from `../../node_modules/@capacitor/status-bar`)"
  - CapgoCameraPreview (from `../../../camera-preview`)
  - "CapgoCapacitorDataStorageSqlite (from `../../node_modules/@capgo/capacitor-data-storage-sqlite`)"
  - "CapgoCapacitorScreenRecorder (from `../../node_modules/@capgo/capacitor-screen-recorder`)"
  - CapgoCapacitorShake (from `../../../capacitor-shake`)
  - CapgoCapacitorSocialLogin (from `../../../capacitor-social-login`)
  - "CapgoCapacitorUpdater (from `../../node_modules/@capgo/capacitor-updater`)"
  - CapgoCapacitorUploader (from `../../../capacitor-uploader`)
  - CapgoInappbrowser (from `../../../capacitor-inappbrowser`)
  - CapgoNativePurchases (from `../../../native-purchases`)

SPEC REPOS:
  trunk:
    - Alamofire
    - AppAuth
    - FBAEMKit
    - FBSDKCoreKit
    - FBSDKCoreKit_Basics
    - FBSDKLoginKit
    - GoogleSignIn
    - GTMAppAuth
    - GTMSessionFetcher
    - SQLCipher
    - SQLite.swift
    - SSZipArchive
    - SwiftyRSA
    - Version

EXTERNAL SOURCES:
  Capacitor:
    :path: "../../node_modules/@capacitor/ios"
  CapacitorApp:
    :path: "../../node_modules/@capacitor/app"
  CapacitorCordova:
    :path: "../../node_modules/@capacitor/ios"
  CapacitorFilesystem:
    :path: "../../node_modules/@capacitor/filesystem"
  CapacitorHaptics:
    :path: "../../node_modules/@capacitor/haptics"
  CapacitorKeyboard:
    :path: "../../node_modules/@capacitor/keyboard"
  CapacitorStatusBar:
    :path: "../../node_modules/@capacitor/status-bar"
  CapgoCameraPreview:
    :path: "../../../camera-preview"
  CapgoCapacitorDataStorageSqlite:
    :path: "../../node_modules/@capgo/capacitor-data-storage-sqlite"
  CapgoCapacitorScreenRecorder:
    :path: "../../node_modules/@capgo/capacitor-screen-recorder"
  CapgoCapacitorShake:
    :path: "../../../capacitor-shake"
  CapgoCapacitorSocialLogin:
    :path: "../../../capacitor-social-login"
  CapgoCapacitorUpdater:
    :path: "../../node_modules/@capgo/capacitor-updater"
  CapgoCapacitorUploader:
    :path: "../../../capacitor-uploader"
  CapgoInappbrowser:
    :path: "../../../capacitor-inappbrowser"
  CapgoNativePurchases:
    :path: "../../../native-purchases"

SPEC CHECKSUMS:
  Alamofire: f36a35757af4587d8e4f4bfa223ad10be2422b8c
  AppAuth: 501c04eda8a8d11f179dbe8637b7a91bb7e5d2fa
  Capacitor: 679f9673fdf30597493a6362a5d5bf233d46abc2
  CapacitorApp: 9d53aec7101f7b030a950c5bdc4df8612576b279
  CapacitorCordova: f48c89f96c319101cd2f0ce8a2b7449b5fb8b3dd
  CapacitorFilesystem: 37fb3aa5c945b4539ab11c74a5c57925a302bf24
  CapacitorHaptics: 9ebc9363f0e9b8eb4295088a0b474530acf1859b
  CapacitorKeyboard: deacbd09d8d1029c3681197fb05d206b721d5f73
  CapacitorStatusBar: 2e4369f99166125435641b1908d05f561eaba6f6
  CapgoCameraPreview: e5ec3ed8998e94e24982c484841d7be48e7c3bbd
  CapgoCapacitorDataStorageSqlite: f50a420386e660eb82f05dd94f5cf62c772ebf36
  CapgoCapacitorScreenRecorder: 06b1278e43babbb2a82ba909d66e93dc1083f387
  CapgoCapacitorShake: c9f69fbbf99c5dbfe36fc39b294709cbd901e94f
  CapgoCapacitorSocialLogin: 3cb4233726eb306eb217eeaead95df995867d0e6
  CapgoCapacitorUpdater: f286378946eae7e06e54bd135815f3c5d939dfcc
  CapgoCapacitorUploader: fc9bb687f6687b89cb62c80b3471b0a5bdf52715
  CapgoInappbrowser: 9f80d98fa546693b895712b5fba6abc46f65e44a
  CapgoNativePurchases: 3f3a9235ab7204d882877d297686322a44e43a55
  FBAEMKit: 31a20c2d8744d8c57d3a5b7ae4e27b4fdd819193
  FBSDKCoreKit: dac911b656816f8d0b06e5fa4bac60e89505bb3b
  FBSDKCoreKit_Basics: 92b7b7458d57091370b0b6cc197578874c3b4b16
  FBSDKLoginKit: 5d5271ebfd1e39c6b071de8db5c4bd6255be3561
  GoogleSignIn: 5651ce3a61e56ca864160e79b484cd9ed3f49b7a
  GTMAppAuth: 0ff230db599948a9ad7470ca667337803b3fc4dd
  GTMSessionFetcher: 3a63d75eecd6aa32c2fc79f578064e1214dfdec2
  SQLCipher: 77fbe633cd84db04b07876dd50766b4924b57d61
  SQLite.swift: 8d054987f02728cc912b0eb5a9659650573a65a2
  SSZipArchive: fe6a26b2a54d5a0890f2567b5cc6de5caa600aef
  SwiftyRSA: 8c6dd1ea7db1b8dc4fb517a202f88bb1354bc2c6
  Version: de5907f2c5d0f3cf21708db7801d1d5401139486

PODFILE CHECKSUM: be7fdb2db7c95b89727aeb489d6491363c2da10e

COCOAPODS: 1.15.2
